PODS:
  - Flutter (1.0.0)
  - tim_plugin (0.0.1):
    - Flutter
    - TXIMSDK_iOS
  - TXIMSDK_iOS (4.3.118)

DEPENDENCIES:
  - Flutter (from `.symlinks/flutter/ios`)
  - tim_plugin (from `.symlinks/plugins/tim_plugin/ios`)

EXTERNAL SOURCES:
  Flutter:
    :path: .symlinks/flutter/ios
  tim_plugin:
    :path: .symlinks/plugins/tim_plugin/ios

SPEC CHECKSUMS:
  Flutter: 9d0fac939486c9aba2809b7982dfdbb47a7b0296
  tim_plugin: ed369de7f9d39a452fc3779dfdce6ad74e73b358
  TXIMSDK_iOS: c0f04dc26d799b97b2dc02721721b66f4af4b99d

PODFILE CHECKSUM: eb8e034fd52c638b31d6e50106137c238ec4e879

COCOAPODS: 1.4.0
